
Microsoft Visual Studio Solution File, Format Version 12.00
# Visual Studio Version 17
VisualStudioVersion = 17.11.35312.102
MinimumVisualStudioVersion = 10.0.40219.1
Project("{FAE04EC0-301F-11D3-BF4B-00C04F79EFBC}") = "Kata.API", "Kata.API\Kata.API.csproj", "{C12B1FEC-F2C6-4037-A7A6-03DB3DFE7077}"
EndProject
Project("{FAE04EC0-301F-11D3-BF4B-00C04F79EFBC}") = "Kata.Application", "Kata.Application\Kata.Application.csproj", "{74445C1A-935E-4222-996B-CBF82DF96C4A}"
EndProject
Project("{FAE04EC0-301F-11D3-BF4B-00C04F79EFBC}") = "Kata.Domain", "Kata.Domain\Kata.Domain.csproj", "{D36BD0DA-4CFD-4776-9A20-647E3F590CAE}"
EndProject
Project("{FAE04EC0-301F-11D3-BF4B-00C04F79EFBC}") = "Kata.Infrastructure", "Kata.Infrastructure\Kata.Infrastructure.csproj", "{75CD08B3-A1AE-4E3B-8176-ECA4CDB9A905}"
EndProject
Project("{FAE04EC0-301F-11D3-BF4B-00C04F79EFBC}") = "Kata.Tests", "Kata.Tests\Kata.Tests.csproj", "{752E00B9-497F-41F3-8057-B82A442BCA88}"
EndProject
Global
	GlobalSection(SolutionConfigurationPlatforms) = preSolution
		Debug|Any CPU = Debug|Any CPU
		Release|Any CPU = Release|Any CPU
	EndGlobalSection
	GlobalSection(ProjectConfigurationPlatforms) = postSolution
		{C12B1FEC-F2C6-4037-A7A6-03DB3DFE7077}.Debug|Any CPU.ActiveCfg = Debug|Any CPU
		{C12B1FEC-F2C6-4037-A7A6-03DB3DFE7077}.Debug|Any CPU.Build.0 = Debug|Any CPU
		{C12B1FEC-F2C6-4037-A7A6-03DB3DFE7077}.Release|Any CPU.ActiveCfg = Release|Any CPU
		{C12B1FEC-F2C6-4037-A7A6-03DB3DFE7077}.Release|Any CPU.Build.0 = Release|Any CPU
		{74445C1A-935E-4222-996B-CBF82DF96C4A}.Debug|Any CPU.ActiveCfg = Debug|Any CPU
		{74445C1A-935E-4222-996B-CBF82DF96C4A}.Debug|Any CPU.Build.0 = Debug|Any CPU
		{74445C1A-935E-4222-996B-CBF82DF96C4A}.Release|Any CPU.ActiveCfg = Release|Any CPU
		{74445C1A-935E-4222-996B-CBF82DF96C4A}.Release|Any CPU.Build.0 = Release|Any CPU
		{D36BD0DA-4CFD-4776-9A20-647E3F590CAE}.Debug|Any CPU.ActiveCfg = Debug|Any CPU
		{D36BD0DA-4CFD-4776-9A20-647E3F590CAE}.Debug|Any CPU.Build.0 = Debug|Any CPU
		{D36BD0DA-4CFD-4776-9A20-647E3F590CAE}.Release|Any CPU.ActiveCfg = Release|Any CPU
		{D36BD0DA-4CFD-4776-9A20-647E3F590CAE}.Release|Any CPU.Build.0 = Release|Any CPU
		{75CD08B3-A1AE-4E3B-8176-ECA4CDB9A905}.Debug|Any CPU.ActiveCfg = Debug|Any CPU
		{75CD08B3-A1AE-4E3B-8176-ECA4CDB9A905}.Debug|Any CPU.Build.0 = Debug|Any CPU
		{75CD08B3-A1AE-4E3B-8176-ECA4CDB9A905}.Release|Any CPU.ActiveCfg = Release|Any CPU
		{75CD08B3-A1AE-4E3B-8176-ECA4CDB9A905}.Release|Any CPU.Build.0 = Release|Any CPU
		{752E00B9-497F-41F3-8057-B82A442BCA88}.Debug|Any CPU.ActiveCfg = Debug|Any CPU
		{752E00B9-497F-41F3-8057-B82A442BCA88}.Debug|Any CPU.Build.0 = Debug|Any CPU
		{752E00B9-497F-41F3-8057-B82A442BCA88}.Release|Any CPU.ActiveCfg = Release|Any CPU
		{752E00B9-497F-41F3-8057-B82A442BCA88}.Release|Any CPU.Build.0 = Release|Any CPU
	EndGlobalSection
	GlobalSection(SolutionProperties) = preSolution
		HideSolutionNode = FALSE
	EndGlobalSection
	GlobalSection(ExtensibilityGlobals) = postSolution
		SolutionGuid = {763F6722-9B0A-4E58-B556-08CBEB7BAA37}
	EndGlobalSection
EndGlobal
